
Microsoft Visual Studio Solution File, Format Version 12.00
# Visual Studio Version 17
VisualStudioVersion = 17.9.34728.123
MinimumVisualStudioVersion = 10.0.40219.1
Project("{FAE04EC0-301F-11D3-BF4B-00C04F79EFBC}") = "PayRoll System", "PayRoll System\PayRoll System.csproj", "{4E1BEFB7-1C67-431B-B011-5EF07A368A87}"
EndProject
Global
	GlobalSection(SolutionConfigurationPlatforms) = preSolution
		Debug|Any CPU = Debug|Any CPU
		Release|Any CPU = Release|Any CPU
	EndGlobalSection
	GlobalSection(ProjectConfigurationPlatforms) = postSolution
		{4E1BEFB7-1C67-431B-B011-5EF07A368A87}.Debug|Any CPU.ActiveCfg = Debug|Any CPU
		{4E1BEFB7-1C67-431B-B011-5EF07A368A87}.Debug|Any CPU.Build.0 = Debug|Any CPU
		{4E1BEFB7-1C67-431B-B011-5EF07A368A87}.Release|Any CPU.ActiveCfg = Release|Any CPU
		{4E1BEFB7-1C67-431B-B011-5EF07A368A87}.Release|Any CPU.Build.0 = Release|Any CPU
	EndGlobalSection
	GlobalSection(SolutionProperties) = preSolution
		HideSolutionNode = FALSE
	EndGlobalSection
	GlobalSection(ExtensibilityGlobals) = postSolution
		SolutionGuid = {B576D9ED-234D-40CA-BEF0-3C8CC1BA2FED}
	EndGlobalSection
EndGlobal
